
Microsoft Visual Studio Solution File, Format Version 12.00
# Visual Studio Version 16
VisualStudioVersion = 16.0.31729.503
MinimumVisualStudioVersion = 10.0.40219.1
Project("{FAE04EC0-301F-11D3-BF4B-00C04F79EFBC}") = "HelloWorld", "HelloWorld\HelloWorld.csproj", "{0E7E78AD-34D0-43E8-A3C7-7F9AF92DAA08}"
EndProject
Project("{9A19103F-16F7-4668-BE54-9A1E7A4F7556}") = "TryandCatchMethod", "TryandCatchMethod\TryandCatchMethod.csproj", "{C6A333F6-EF43-4B96-BC7A-D652F6F3EF19}"
EndProject
Project("{FAE04EC0-301F-11D3-BF4B-00C04F79EFBC}") = "Unary Operator", "Unary Operator\Unary Operator.csproj", "{2CEFCFFF-9689-474E-BD02-F6C6D9BFCBDE}"
EndProject
Project("{FAE04EC0-301F-11D3-BF4B-00C04F79EFBC}") = "IfConditions", "IfConditions\IfConditions.csproj", "{ADE046A3-5D79-4FB8-9595-2803EF2D0AC1}"
EndProject
Global
	GlobalSection(SolutionConfigurationPlatforms) = preSolution
		Debug|Any CPU = Debug|Any CPU
		Release|Any CPU = Release|Any CPU
	EndGlobalSection
	GlobalSection(ProjectConfigurationPlatforms) = postSolution
		{0E7E78AD-34D0-43E8-A3C7-7F9AF92DAA08}.Debug|Any CPU.ActiveCfg = Debug|Any CPU
		{0E7E78AD-34D0-43E8-A3C7-7F9AF92DAA08}.Debug|Any CPU.Build.0 = Debug|Any CPU
		{0E7E78AD-34D0-43E8-A3C7-7F9AF92DAA08}.Release|Any CPU.ActiveCfg = Release|Any CPU
		{0E7E78AD-34D0-43E8-A3C7-7F9AF92DAA08}.Release|Any CPU.Build.0 = Release|Any CPU
		{C6A333F6-EF43-4B96-BC7A-D652F6F3EF19}.Debug|Any CPU.ActiveCfg = Debug|Any CPU
		{C6A333F6-EF43-4B96-BC7A-D652F6F3EF19}.Debug|Any CPU.Build.0 = Debug|Any CPU
		{C6A333F6-EF43-4B96-BC7A-D652F6F3EF19}.Release|Any CPU.ActiveCfg = Release|Any CPU
		{C6A333F6-EF43-4B96-BC7A-D652F6F3EF19}.Release|Any CPU.Build.0 = Release|Any CPU
		{2CEFCFFF-9689-474E-BD02-F6C6D9BFCBDE}.Debug|Any CPU.ActiveCfg = Debug|Any CPU
		{2CEFCFFF-9689-474E-BD02-F6C6D9BFCBDE}.Debug|Any CPU.Build.0 = Debug|Any CPU
		{2CEFCFFF-9689-474E-BD02-F6C6D9BFCBDE}.Release|Any CPU.ActiveCfg = Release|Any CPU
		{2CEFCFFF-9689-474E-BD02-F6C6D9BFCBDE}.Release|Any CPU.Build.0 = Release|Any CPU
		{ADE046A3-5D79-4FB8-9595-2803EF2D0AC1}.Debug|Any CPU.ActiveCfg = Debug|Any CPU
		{ADE046A3-5D79-4FB8-9595-2803EF2D0AC1}.Debug|Any CPU.Build.0 = Debug|Any CPU
		{ADE046A3-5D79-4FB8-9595-2803EF2D0AC1}.Release|Any CPU.ActiveCfg = Release|Any CPU
		{ADE046A3-5D79-4FB8-9595-2803EF2D0AC1}.Release|Any CPU.Build.0 = Release|Any CPU
	EndGlobalSection
	GlobalSection(SolutionProperties) = preSolution
		HideSolutionNode = FALSE
	EndGlobalSection
	GlobalSection(ExtensibilityGlobals) = postSolution
		SolutionGuid = {862DBA42-583B-40F3-BEE6-873791080CBD}
	EndGlobalSection
EndGlobal
