
Microsoft Visual Studio Solution File, Format Version 12.00
# Visual Studio Version 17
VisualStudioVersion = 17.4.33103.184
MinimumVisualStudioVersion = 10.0.40219.1
Project("{FAE04EC0-301F-11D3-BF4B-00C04F79EFBC}") = "HelloWorld", "HelloWorld\HelloWorld.csproj", "{0E7E78AD-34D0-43E8-A3C7-7F9AF92DAA08}"
EndProject
Project("{9A19103F-16F7-4668-BE54-9A1E7A4F7556}") = "TryandCatchMethod", "TryandCatchMethod\TryandCatchMethod.csproj", "{C6A333F6-EF43-4B96-BC7A-D652F6F3EF19}"
EndProject
Project("{9A19103F-16F7-4668-BE54-9A1E7A4F7556}") = "Unary Operator", "Unary Operator\Unary Operator.csproj", "{2CEFCFFF-9689-474E-BD02-F6C6D9BFCBDE}"
EndProject
Project("{9A19103F-16F7-4668-BE54-9A1E7A4F7556}") = "IfConditions", "IfConditions\IfConditions.csproj", "{ADE046A3-5D79-4FB8-9595-2803EF2D0AC1}"
EndProject
Project("{9A19103F-16F7-4668-BE54-9A1E7A4F7556}") = "TryParse - Type Conversion Method", "TryParse - Type Conversion Method\TryParse - Type Conversion Method.csproj", "{A4FB33E9-9ADA-4250-82FD-B22BA77D873B}"
EndProject
Project("{9A19103F-16F7-4668-BE54-9A1E7A4F7556}") = "Switch_Case_Statements", "Switch_Case_Statements\Switch_Case_Statements.csproj", "{82D5E434-BF1B-4B30-BDCF-B26864272547}"
EndProject
Project("{9A19103F-16F7-4668-BE54-9A1E7A4F7556}") = "EnhancedIfStatements", "EnhancedIfStatements\EnhancedIfStatements.csproj", "{F00880FD-0061-4670-A932-AAC4CFC99159}"
EndProject
Project("{FAE04EC0-301F-11D3-BF4B-00C04F79EFBC}") = "Types of Loops", "Types of Loops\Types of Loops.csproj", "{AA5FB38B-10E9-4A2E-969D-0D2A50D1B97E}"
EndProject
Project("{FAE04EC0-301F-11D3-BF4B-00C04F79EFBC}") = "Break_and_Continue", "Break_and_Continue\Break_and_Continue.csproj", "{D73B1CE1-B1E9-482C-B4C9-3D9E76348212}"
EndProject
Project("{FAE04EC0-301F-11D3-BF4B-00C04F79EFBC}") = "OOP-Creating-Classes", "OOP-Creating-Classes\OOP-Creating-Classes.csproj", "{08252230-BAA4-46A7-B68C-2AC6820263E9}"
EndProject
Project("{FAE04EC0-301F-11D3-BF4B-00C04F79EFBC}") = "LINQ Lambda Expressions", "LINQ Lambda Expressions\LINQ Lambda Expressions.csproj", "{E9F99828-128C-406E-93A1-2C8388FE744F}"
EndProject
Project("{FAE04EC0-301F-11D3-BF4B-00C04F79EFBC}") = "LINQ Query Expressions", "LINQ Query Expressions\LINQ Query Expressions.csproj", "{0052264D-B2E8-440F-8117-689460AC5B2D}"
EndProject
Project("{FAE04EC0-301F-11D3-BF4B-00C04F79EFBC}") = "Extension_Methods", "Extension_Methods\Extension_Methods.csproj", "{BCAABAD4-5555-48A1-84FF-699152D5C803}"
EndProject
Project("{FAE04EC0-301F-11D3-BF4B-00C04F79EFBC}") = "LINQ_Aggregate_Functions", "LINQ_Aggregate_Functions\LINQ_Aggregate_Functions.csproj", "{2EE04260-842E-44FE-8E9B-70A5076F7EAC}"
EndProject
Global
	GlobalSection(SolutionConfigurationPlatforms) = preSolution
		Debug|Any CPU = Debug|Any CPU
		Release|Any CPU = Release|Any CPU
	EndGlobalSection
	GlobalSection(ProjectConfigurationPlatforms) = postSolution
		{0E7E78AD-34D0-43E8-A3C7-7F9AF92DAA08}.Debug|Any CPU.ActiveCfg = Debug|Any CPU
		{0E7E78AD-34D0-43E8-A3C7-7F9AF92DAA08}.Debug|Any CPU.Build.0 = Debug|Any CPU
		{0E7E78AD-34D0-43E8-A3C7-7F9AF92DAA08}.Release|Any CPU.ActiveCfg = Release|Any CPU
		{0E7E78AD-34D0-43E8-A3C7-7F9AF92DAA08}.Release|Any CPU.Build.0 = Release|Any CPU
		{C6A333F6-EF43-4B96-BC7A-D652F6F3EF19}.Debug|Any CPU.ActiveCfg = Debug|Any CPU
		{C6A333F6-EF43-4B96-BC7A-D652F6F3EF19}.Debug|Any CPU.Build.0 = Debug|Any CPU
		{C6A333F6-EF43-4B96-BC7A-D652F6F3EF19}.Release|Any CPU.ActiveCfg = Release|Any CPU
		{C6A333F6-EF43-4B96-BC7A-D652F6F3EF19}.Release|Any CPU.Build.0 = Release|Any CPU
		{2CEFCFFF-9689-474E-BD02-F6C6D9BFCBDE}.Debug|Any CPU.ActiveCfg = Debug|Any CPU
		{2CEFCFFF-9689-474E-BD02-F6C6D9BFCBDE}.Debug|Any CPU.Build.0 = Debug|Any CPU
		{2CEFCFFF-9689-474E-BD02-F6C6D9BFCBDE}.Release|Any CPU.ActiveCfg = Release|Any CPU
		{2CEFCFFF-9689-474E-BD02-F6C6D9BFCBDE}.Release|Any CPU.Build.0 = Release|Any CPU
		{ADE046A3-5D79-4FB8-9595-2803EF2D0AC1}.Debug|Any CPU.ActiveCfg = Debug|Any CPU
		{ADE046A3-5D79-4FB8-9595-2803EF2D0AC1}.Debug|Any CPU.Build.0 = Debug|Any CPU
		{ADE046A3-5D79-4FB8-9595-2803EF2D0AC1}.Release|Any CPU.ActiveCfg = Release|Any CPU
		{ADE046A3-5D79-4FB8-9595-2803EF2D0AC1}.Release|Any CPU.Build.0 = Release|Any CPU
		{A4FB33E9-9ADA-4250-82FD-B22BA77D873B}.Debug|Any CPU.ActiveCfg = Debug|Any CPU
		{A4FB33E9-9ADA-4250-82FD-B22BA77D873B}.Debug|Any CPU.Build.0 = Debug|Any CPU
		{A4FB33E9-9ADA-4250-82FD-B22BA77D873B}.Release|Any CPU.ActiveCfg = Release|Any CPU
		{A4FB33E9-9ADA-4250-82FD-B22BA77D873B}.Release|Any CPU.Build.0 = Release|Any CPU
		{82D5E434-BF1B-4B30-BDCF-B26864272547}.Debug|Any CPU.ActiveCfg = Debug|Any CPU
		{82D5E434-BF1B-4B30-BDCF-B26864272547}.Debug|Any CPU.Build.0 = Debug|Any CPU
		{82D5E434-BF1B-4B30-BDCF-B26864272547}.Release|Any CPU.ActiveCfg = Release|Any CPU
		{82D5E434-BF1B-4B30-BDCF-B26864272547}.Release|Any CPU.Build.0 = Release|Any CPU
		{F00880FD-0061-4670-A932-AAC4CFC99159}.Debug|Any CPU.ActiveCfg = Debug|Any CPU
		{F00880FD-0061-4670-A932-AAC4CFC99159}.Debug|Any CPU.Build.0 = Debug|Any CPU
		{F00880FD-0061-4670-A932-AAC4CFC99159}.Release|Any CPU.ActiveCfg = Release|Any CPU
		{F00880FD-0061-4670-A932-AAC4CFC99159}.Release|Any CPU.Build.0 = Release|Any CPU
		{AA5FB38B-10E9-4A2E-969D-0D2A50D1B97E}.Debug|Any CPU.ActiveCfg = Debug|Any CPU
		{AA5FB38B-10E9-4A2E-969D-0D2A50D1B97E}.Debug|Any CPU.Build.0 = Debug|Any CPU
		{AA5FB38B-10E9-4A2E-969D-0D2A50D1B97E}.Release|Any CPU.ActiveCfg = Release|Any CPU
		{AA5FB38B-10E9-4A2E-969D-0D2A50D1B97E}.Release|Any CPU.Build.0 = Release|Any CPU
		{D73B1CE1-B1E9-482C-B4C9-3D9E76348212}.Debug|Any CPU.ActiveCfg = Debug|Any CPU
		{D73B1CE1-B1E9-482C-B4C9-3D9E76348212}.Debug|Any CPU.Build.0 = Debug|Any CPU
		{D73B1CE1-B1E9-482C-B4C9-3D9E76348212}.Release|Any CPU.ActiveCfg = Release|Any CPU
		{D73B1CE1-B1E9-482C-B4C9-3D9E76348212}.Release|Any CPU.Build.0 = Release|Any CPU
		{08252230-BAA4-46A7-B68C-2AC6820263E9}.Debug|Any CPU.ActiveCfg = Debug|Any CPU
		{08252230-BAA4-46A7-B68C-2AC6820263E9}.Debug|Any CPU.Build.0 = Debug|Any CPU
		{08252230-BAA4-46A7-B68C-2AC6820263E9}.Release|Any CPU.ActiveCfg = Release|Any CPU
		{08252230-BAA4-46A7-B68C-2AC6820263E9}.Release|Any CPU.Build.0 = Release|Any CPU
		{E9F99828-128C-406E-93A1-2C8388FE744F}.Debug|Any CPU.ActiveCfg = Debug|Any CPU
		{E9F99828-128C-406E-93A1-2C8388FE744F}.Debug|Any CPU.Build.0 = Debug|Any CPU
		{E9F99828-128C-406E-93A1-2C8388FE744F}.Release|Any CPU.ActiveCfg = Release|Any CPU
		{E9F99828-128C-406E-93A1-2C8388FE744F}.Release|Any CPU.Build.0 = Release|Any CPU
		{0052264D-B2E8-440F-8117-689460AC5B2D}.Debug|Any CPU.ActiveCfg = Debug|Any CPU
		{0052264D-B2E8-440F-8117-689460AC5B2D}.Debug|Any CPU.Build.0 = Debug|Any CPU
		{0052264D-B2E8-440F-8117-689460AC5B2D}.Release|Any CPU.ActiveCfg = Release|Any CPU
		{0052264D-B2E8-440F-8117-689460AC5B2D}.Release|Any CPU.Build.0 = Release|Any CPU
		{BCAABAD4-5555-48A1-84FF-699152D5C803}.Debug|Any CPU.ActiveCfg = Debug|Any CPU
		{BCAABAD4-5555-48A1-84FF-699152D5C803}.Debug|Any CPU.Build.0 = Debug|Any CPU
		{BCAABAD4-5555-48A1-84FF-699152D5C803}.Release|Any CPU.ActiveCfg = Release|Any CPU
		{BCAABAD4-5555-48A1-84FF-699152D5C803}.Release|Any CPU.Build.0 = Release|Any CPU
		{2EE04260-842E-44FE-8E9B-70A5076F7EAC}.Debug|Any CPU.ActiveCfg = Debug|Any CPU
		{2EE04260-842E-44FE-8E9B-70A5076F7EAC}.Debug|Any CPU.Build.0 = Debug|Any CPU
		{2EE04260-842E-44FE-8E9B-70A5076F7EAC}.Release|Any CPU.ActiveCfg = Release|Any CPU
		{2EE04260-842E-44FE-8E9B-70A5076F7EAC}.Release|Any CPU.Build.0 = Release|Any CPU
	EndGlobalSection
	GlobalSection(SolutionProperties) = preSolution
		HideSolutionNode = FALSE
	EndGlobalSection
	GlobalSection(ExtensibilityGlobals) = postSolution
		SolutionGuid = {862DBA42-583B-40F3-BEE6-873791080CBD}
	EndGlobalSection
EndGlobal
